
Microsoft Visual Studio Solution File, Format Version 12.00
# Visual Studio Version 17
VisualStudioVersion = 17.2.32526.322
MinimumVisualStudioVersion = 10.0.40219.1
Project("{9A19103F-16F7-4668-BE54-9A1E7A4F7556}") = "Bookshop.Web", "Bookshop Web\Bookshop.Web.csproj", "{0C0E87B2-9D9F-4B45-8D33-F417A6DF367C}"
EndProject
Project("{9A19103F-16F7-4668-BE54-9A1E7A4F7556}") = "Bookshop.Entities", "Bookshop.Entities\Bookshop.Entities.csproj", "{C2F2DBCC-C6CB-4E19-9B87-86298C4A2F1F}"
EndProject
Project("{9A19103F-16F7-4668-BE54-9A1E7A4F7556}") = "Bookshop.Business", "Bookshop.Bussiness\Bookshop.Business.csproj", "{70CEA778-A1F3-49CC-8879-851DFF71B57B}"
EndProject
Project("{9A19103F-16F7-4668-BE54-9A1E7A4F7556}") = "Bookshop.DataAccess", "Bookshop.DataAccess\Bookshop.DataAccess.csproj", "{46A87197-FEDD-477A-84A9-67131AEF439B}"
EndProject
Project("{FAE04EC0-301F-11D3-BF4B-00C04F79EFBC}") = "Bookshop.Dtos", "Bookshop.Dtos\Bookshop.Dtos.csproj", "{76BFD22A-CA8D-4CC2-8892-0464AA1803B7}"
EndProject
Global
	GlobalSection(SolutionConfigurationPlatforms) = preSolution
		Debug|Any CPU = Debug|Any CPU
		Release|Any CPU = Release|Any CPU
	EndGlobalSection
	GlobalSection(ProjectConfigurationPlatforms) = postSolution
		{0C0E87B2-9D9F-4B45-8D33-F417A6DF367C}.Debug|Any CPU.ActiveCfg = Debug|Any CPU
		{0C0E87B2-9D9F-4B45-8D33-F417A6DF367C}.Debug|Any CPU.Build.0 = Debug|Any CPU
		{0C0E87B2-9D9F-4B45-8D33-F417A6DF367C}.Release|Any CPU.ActiveCfg = Release|Any CPU
		{0C0E87B2-9D9F-4B45-8D33-F417A6DF367C}.Release|Any CPU.Build.0 = Release|Any CPU
		{C2F2DBCC-C6CB-4E19-9B87-86298C4A2F1F}.Debug|Any CPU.ActiveCfg = Debug|Any CPU
		{C2F2DBCC-C6CB-4E19-9B87-86298C4A2F1F}.Debug|Any CPU.Build.0 = Debug|Any CPU
		{C2F2DBCC-C6CB-4E19-9B87-86298C4A2F1F}.Release|Any CPU.ActiveCfg = Release|Any CPU
		{C2F2DBCC-C6CB-4E19-9B87-86298C4A2F1F}.Release|Any CPU.Build.0 = Release|Any CPU
		{70CEA778-A1F3-49CC-8879-851DFF71B57B}.Debug|Any CPU.ActiveCfg = Debug|Any CPU
		{70CEA778-A1F3-49CC-8879-851DFF71B57B}.Debug|Any CPU.Build.0 = Debug|Any CPU
		{70CEA778-A1F3-49CC-8879-851DFF71B57B}.Release|Any CPU.ActiveCfg = Release|Any CPU
		{70CEA778-A1F3-49CC-8879-851DFF71B57B}.Release|Any CPU.Build.0 = Release|Any CPU
		{46A87197-FEDD-477A-84A9-67131AEF439B}.Debug|Any CPU.ActiveCfg = Debug|Any CPU
		{46A87197-FEDD-477A-84A9-67131AEF439B}.Debug|Any CPU.Build.0 = Debug|Any CPU
		{46A87197-FEDD-477A-84A9-67131AEF439B}.Release|Any CPU.ActiveCfg = Release|Any CPU
		{46A87197-FEDD-477A-84A9-67131AEF439B}.Release|Any CPU.Build.0 = Release|Any CPU
		{76BFD22A-CA8D-4CC2-8892-0464AA1803B7}.Debug|Any CPU.ActiveCfg = Debug|Any CPU
		{76BFD22A-CA8D-4CC2-8892-0464AA1803B7}.Debug|Any CPU.Build.0 = Debug|Any CPU
		{76BFD22A-CA8D-4CC2-8892-0464AA1803B7}.Release|Any CPU.ActiveCfg = Release|Any CPU
		{76BFD22A-CA8D-4CC2-8892-0464AA1803B7}.Release|Any CPU.Build.0 = Release|Any CPU
	EndGlobalSection
	GlobalSection(SolutionProperties) = preSolution
		HideSolutionNode = FALSE
	EndGlobalSection
	GlobalSection(ExtensibilityGlobals) = postSolution
		SolutionGuid = {EAB923B2-8BA1-4C7D-B7EF-BDD5142069F5}
	EndGlobalSection
EndGlobal
